
Microsoft Visual Studio Solution File, Format Version 12.00
# Visual Studio Version 17
VisualStudioVersion = 17.4.33213.308
MinimumVisualStudioVersion = 10.0.40219.1
Project("{FAE04EC0-301F-11D3-BF4B-00C04F79EFBC}") = "findbmnn", "findbmnn\findbmnn.csproj", "{76F9A3BA-181C-4158-9F76-5EA6A9DB0B04}"
EndProject
Project("{54435603-DBB4-11D2-8724-00A0C9A8B90C}") = "findbmnn-export", "findbmnn-export\findbmnn-export.vdproj", "{E8391738-BEA4-4A1F-BEDF-133F68652CCC}"
EndProject
Global
	GlobalSection(SolutionConfigurationPlatforms) = preSolution
		Debug|Any CPU = Debug|Any CPU
		Release|Any CPU = Release|Any CPU
	EndGlobalSection
	GlobalSection(ProjectConfigurationPlatforms) = postSolution
		{76F9A3BA-181C-4158-9F76-5EA6A9DB0B04}.Debug|Any CPU.ActiveCfg = Debug|Any CPU
		{76F9A3BA-181C-4158-9F76-5EA6A9DB0B04}.Debug|Any CPU.Build.0 = Debug|Any CPU
		{76F9A3BA-181C-4158-9F76-5EA6A9DB0B04}.Release|Any CPU.ActiveCfg = Release|Any CPU
		{76F9A3BA-181C-4158-9F76-5EA6A9DB0B04}.Release|Any CPU.Build.0 = Release|Any CPU
		{E8391738-BEA4-4A1F-BEDF-133F68652CCC}.Debug|Any CPU.ActiveCfg = Debug
		{E8391738-BEA4-4A1F-BEDF-133F68652CCC}.Release|Any CPU.ActiveCfg = Release
	EndGlobalSection
	GlobalSection(SolutionProperties) = preSolution
		HideSolutionNode = FALSE
	EndGlobalSection
	GlobalSection(ExtensibilityGlobals) = postSolution
		SolutionGuid = {F32DB2EA-46B0-498F-9D20-9F30AB7489AC}
	EndGlobalSection
EndGlobal
